
Microsoft Visual Studio Solution File, Format Version 12.00
# Visual Studio Version 17
VisualStudioVersion = 17.5.33516.290
MinimumVisualStudioVersion = 10.0.40219.1
Project("{FAE04EC0-301F-11D3-BF4B-00C04F79EFBC}") = "xml2", "xml2\xml2.csproj", "{C6B6956C-36FB-4CD8-85D8-F5DBCDE99574}"
EndProject
Global
	GlobalSection(SolutionConfigurationPlatforms) = preSolution
		Debug|Any CPU = Debug|Any CPU
		Release|Any CPU = Release|Any CPU
	EndGlobalSection
	GlobalSection(ProjectConfigurationPlatforms) = postSolution
		{C6B6956C-36FB-4CD8-85D8-F5DBCDE99574}.Debug|Any CPU.ActiveCfg = Debug|Any CPU
		{C6B6956C-36FB-4CD8-85D8-F5DBCDE99574}.Debug|Any CPU.Build.0 = Debug|Any CPU
		{C6B6956C-36FB-4CD8-85D8-F5DBCDE99574}.Release|Any CPU.ActiveCfg = Release|Any CPU
		{C6B6956C-36FB-4CD8-85D8-F5DBCDE99574}.Release|Any CPU.Build.0 = Release|Any CPU
	EndGlobalSection
	GlobalSection(SolutionProperties) = preSolution
		HideSolutionNode = FALSE
	EndGlobalSection
	GlobalSection(ExtensibilityGlobals) = postSolution
		SolutionGuid = {09A09F3B-803A-4729-B525-29F0A2598C83}
	EndGlobalSection
EndGlobal
